
Microsoft Visual Studio Solution File, Format Version 12.00
# Visual Studio 15
VisualStudioVersion = 15.0.28307.645
MinimumVisualStudioVersion = 10.0.40219.1
Project("{FAE04EC0-301F-11D3-BF4B-00C04F79EFBC}") = "ObserverExtractor", "ObserverExtractor\ObserverExtractor.csproj", "{D88AE7BC-CADF-4EBB-B33C-F09F4E67A13B}"
EndProject
Global
	GlobalSection(SolutionConfigurationPlatforms) = preSolution
		Debug|Any CPU = Debug|Any CPU
		Release|Any CPU = Release|Any CPU
	EndGlobalSection
	GlobalSection(ProjectConfigurationPlatforms) = postSolution
		{D88AE7BC-CADF-4EBB-B33C-F09F4E67A13B}.Debug|Any CPU.ActiveCfg = Debug|Any CPU
		{D88AE7BC-CADF-4EBB-B33C-F09F4E67A13B}.Debug|Any CPU.Build.0 = Debug|Any CPU
		{D88AE7BC-CADF-4EBB-B33C-F09F4E67A13B}.Release|Any CPU.ActiveCfg = Release|Any CPU
		{D88AE7BC-CADF-4EBB-B33C-F09F4E67A13B}.Release|Any CPU.Build.0 = Release|Any CPU
	EndGlobalSection
	GlobalSection(SolutionProperties) = preSolution
		HideSolutionNode = FALSE
	EndGlobalSection
	GlobalSection(ExtensibilityGlobals) = postSolution
		SolutionGuid = {27DF2492-6EC2-4DE0-9DD5-138F5F1D20A0}
	EndGlobalSection
EndGlobal
